
Microsoft Visual Studio Solution File, Format Version 12.00
# Visual Studio Version 17
VisualStudioVersion = 17.5.33209.295
MinimumVisualStudioVersion = 10.0.40219.1
Project("{FAE04EC0-301F-11D3-BF4B-00C04F79EFBC}") = "ExtensionMethodsMapper.Models", "ExtensionMethodsMapper.Models\ExtensionMethodsMapper.Models.csproj", "{080D50FE-1890-4AAF-9DC4-75568D2BDB77}"
EndProject
Project("{FAE04EC0-301F-11D3-BF4B-00C04F79EFBC}") = "ExtensionMethodsMapper.Shared", "ExtensionMethodsMapper.Shared\ExtensionMethodsMapper.Shared.csproj", "{9C7CAC22-5337-440D-B84A-D19DF39158CD}"
EndProject
Global
	GlobalSection(SolutionConfigurationPlatforms) = preSolution
		Debug|Any CPU = Debug|Any CPU
		Release|Any CPU = Release|Any CPU
	EndGlobalSection
	GlobalSection(ProjectConfigurationPlatforms) = postSolution
		{080D50FE-1890-4AAF-9DC4-75568D2BDB77}.Debug|Any CPU.ActiveCfg = Debug|Any CPU
		{080D50FE-1890-4AAF-9DC4-75568D2BDB77}.Debug|Any CPU.Build.0 = Debug|Any CPU
		{080D50FE-1890-4AAF-9DC4-75568D2BDB77}.Release|Any CPU.ActiveCfg = Release|Any CPU
		{080D50FE-1890-4AAF-9DC4-75568D2BDB77}.Release|Any CPU.Build.0 = Release|Any CPU
		{9C7CAC22-5337-440D-B84A-D19DF39158CD}.Debug|Any CPU.ActiveCfg = Debug|Any CPU
		{9C7CAC22-5337-440D-B84A-D19DF39158CD}.Debug|Any CPU.Build.0 = Debug|Any CPU
		{9C7CAC22-5337-440D-B84A-D19DF39158CD}.Release|Any CPU.ActiveCfg = Release|Any CPU
		{9C7CAC22-5337-440D-B84A-D19DF39158CD}.Release|Any CPU.Build.0 = Release|Any CPU
	EndGlobalSection
	GlobalSection(SolutionProperties) = preSolution
		HideSolutionNode = FALSE
	EndGlobalSection
	GlobalSection(ExtensibilityGlobals) = postSolution
		SolutionGuid = {5A89CE37-6865-431C-B240-652D45F40C34}
	EndGlobalSection
EndGlobal
